
Microsoft Visual Studio Solution File, Format Version 12.00
# Visual Studio Version 17
VisualStudioVersion = 17.9.34622.214
MinimumVisualStudioVersion = 10.0.40219.1
Project("{FAE04EC0-301F-11D3-BF4B-00C04F79EFBC}") = "TCPchat", "TCPchat\TCPchat.csproj", "{4455EC95-437D-47E0-B2F8-8AC194FCE824}"
EndProject
Project("{FAE04EC0-301F-11D3-BF4B-00C04F79EFBC}") = "TCPServer", "TCPServer\TCPServer.csproj", "{03D2B3AB-BA03-4D5B-BC3F-0C7B0ACA9E77}"
EndProject
Global
	GlobalSection(SolutionConfigurationPlatforms) = preSolution
		Debug|Any CPU = Debug|Any CPU
		Release|Any CPU = Release|Any CPU
	EndGlobalSection
	GlobalSection(ProjectConfigurationPlatforms) = postSolution
		{4455EC95-437D-47E0-B2F8-8AC194FCE824}.Debug|Any CPU.ActiveCfg = Debug|Any CPU
		{4455EC95-437D-47E0-B2F8-8AC194FCE824}.Debug|Any CPU.Build.0 = Debug|Any CPU
		{4455EC95-437D-47E0-B2F8-8AC194FCE824}.Release|Any CPU.ActiveCfg = Release|Any CPU
		{4455EC95-437D-47E0-B2F8-8AC194FCE824}.Release|Any CPU.Build.0 = Release|Any CPU
		{03D2B3AB-BA03-4D5B-BC3F-0C7B0ACA9E77}.Debug|Any CPU.ActiveCfg = Debug|Any CPU
		{03D2B3AB-BA03-4D5B-BC3F-0C7B0ACA9E77}.Debug|Any CPU.Build.0 = Debug|Any CPU
		{03D2B3AB-BA03-4D5B-BC3F-0C7B0ACA9E77}.Release|Any CPU.ActiveCfg = Release|Any CPU
		{03D2B3AB-BA03-4D5B-BC3F-0C7B0ACA9E77}.Release|Any CPU.Build.0 = Release|Any CPU
	EndGlobalSection
	GlobalSection(SolutionProperties) = preSolution
		HideSolutionNode = FALSE
	EndGlobalSection
	GlobalSection(ExtensibilityGlobals) = postSolution
		SolutionGuid = {80716B05-E7F9-4BF6-98FA-3E2A9076BE94}
	EndGlobalSection
EndGlobal
